
Microsoft Visual Studio Solution File, Format Version 12.00
# Visual Studio Version 17
VisualStudioVersion = 17.3.32929.385
MinimumVisualStudioVersion = 10.0.40219.1
Project("{FAE04EC0-301F-11D3-BF4B-00C04F79EFBC}") = "Ex2Fibonacci", "Ex2Fibonacci\Ex2Fibonacci.csproj", "{66E52E73-4985-41E8-B173-17F357793A73}"
EndProject
Global
	GlobalSection(SolutionConfigurationPlatforms) = preSolution
		Debug|Any CPU = Debug|Any CPU
		Release|Any CPU = Release|Any CPU
	EndGlobalSection
	GlobalSection(ProjectConfigurationPlatforms) = postSolution
		{66E52E73-4985-41E8-B173-17F357793A73}.Debug|Any CPU.ActiveCfg = Debug|Any CPU
		{66E52E73-4985-41E8-B173-17F357793A73}.Debug|Any CPU.Build.0 = Debug|Any CPU
		{66E52E73-4985-41E8-B173-17F357793A73}.Release|Any CPU.ActiveCfg = Release|Any CPU
		{66E52E73-4985-41E8-B173-17F357793A73}.Release|Any CPU.Build.0 = Release|Any CPU
	EndGlobalSection
	GlobalSection(SolutionProperties) = preSolution
		HideSolutionNode = FALSE
	EndGlobalSection
	GlobalSection(ExtensibilityGlobals) = postSolution
		SolutionGuid = {F5439873-A83D-4452-BF67-67DF86EA5678}
	EndGlobalSection
EndGlobal
